
Microsoft Visual Studio Solution File, Format Version 12.00
# Visual Studio 2012
Project("{FAE04EC0-301F-11D3-BF4B-00C04F79EFBC}") = "SampleApp", "SampleApp\SampleApp.csproj", "{FB8B62E3-8508-4F27-B01A-7062E15AF0C4}"
EndProject
Project("{FAE04EC0-301F-11D3-BF4B-00C04F79EFBC}") = "SampleApp.Tests", "SampleApp.Tests\SampleApp.Tests.csproj", "{CEE87BE7-1BAB-451B-938D-F862F5C0B82F}"
EndProject
Global
	GlobalSection(SolutionConfigurationPlatforms) = preSolution
		Debug|Any CPU = Debug|Any CPU
		Release|Any CPU = Release|Any CPU
	EndGlobalSection
	GlobalSection(ProjectConfigurationPlatforms) = postSolution
		{FB8B62E3-8508-4F27-B01A-7062E15AF0C4}.Debug|Any CPU.ActiveCfg = Debug|Any CPU
		{FB8B62E3-8508-4F27-B01A-7062E15AF0C4}.Debug|Any CPU.Build.0 = Debug|Any CPU
		{FB8B62E3-8508-4F27-B01A-7062E15AF0C4}.Release|Any CPU.ActiveCfg = Release|Any CPU
		{FB8B62E3-8508-4F27-B01A-7062E15AF0C4}.Release|Any CPU.Build.0 = Release|Any CPU
		{CEE87BE7-1BAB-451B-938D-F862F5C0B82F}.Debug|Any CPU.ActiveCfg = Debug|Any CPU
		{CEE87BE7-1BAB-451B-938D-F862F5C0B82F}.Debug|Any CPU.Build.0 = Debug|Any CPU
		{CEE87BE7-1BAB-451B-938D-F862F5C0B82F}.Release|Any CPU.ActiveCfg = Release|Any CPU
		{CEE87BE7-1BAB-451B-938D-F862F5C0B82F}.Release|Any CPU.Build.0 = Release|Any CPU
	EndGlobalSection
	GlobalSection(SolutionProperties) = preSolution
		HideSolutionNode = FALSE
	EndGlobalSection
EndGlobal
